
Microsoft Visual Studio Solution File, Format Version 12.00
# Visual Studio Version 17
VisualStudioVersion = 17.0.31903.59
MinimumVisualStudioVersion = 10.0.40219.1
Project("{2150E333-8FDC-42A3-9474-1A3956D46DE8}") = "src", "src", "{827E0CD3-B72D-47B6-A68D-7590B98EB39B}"
EndProject
Project("{FAE04EC0-301F-11D3-BF4B-00C04F79EFBC}") = "Archcraft.Domain", "src\Archcraft.Domain\Archcraft.Domain.csproj", "{76BBC292-1641-42C9-B154-E9744245B745}"
EndProject
Project("{FAE04EC0-301F-11D3-BF4B-00C04F79EFBC}") = "Archcraft.Contracts", "src\Archcraft.Contracts\Archcraft.Contracts.csproj", "{BAC5ED0D-CFFF-4331-AC05-345CE1ADD1DA}"
EndProject
Project("{FAE04EC0-301F-11D3-BF4B-00C04F79EFBC}") = "Archcraft.ProjectModel", "src\Archcraft.ProjectModel\Archcraft.ProjectModel.csproj", "{8FA58188-8A1A-4D8A-9024-1040E613D130}"
EndProject
Project("{FAE04EC0-301F-11D3-BF4B-00C04F79EFBC}") = "Archcraft.Serialization.Yaml", "src\Archcraft.Serialization.Yaml\Archcraft.Serialization.Yaml.csproj", "{AFDC4247-5D7C-44EE-B3EE-B6E341BCF51A}"
EndProject
Project("{FAE04EC0-301F-11D3-BF4B-00C04F79EFBC}") = "Archcraft.ProjectCompiler", "src\Archcraft.ProjectCompiler\Archcraft.ProjectCompiler.csproj", "{C2CB8D2C-818D-4878-A54F-D6C1BD2CA8C3}"
EndProject
Project("{FAE04EC0-301F-11D3-BF4B-00C04F79EFBC}") = "Archcraft.Execution", "src\Archcraft.Execution\Archcraft.Execution.csproj", "{F9CD20F3-D592-4564-9743-B70EDE45963F}"
EndProject
Project("{FAE04EC0-301F-11D3-BF4B-00C04F79EFBC}") = "Archcraft.Execution.Docker", "src\Archcraft.Execution.Docker\Archcraft.Execution.Docker.csproj", "{82B0BA7B-CEC1-4ED2-BB5A-184D0311EBCF}"
EndProject
Project("{FAE04EC0-301F-11D3-BF4B-00C04F79EFBC}") = "Archcraft.Scenarios", "src\Archcraft.Scenarios\Archcraft.Scenarios.csproj", "{58809A73-4550-4713-8B50-6585A45A5734}"
EndProject
Project("{FAE04EC0-301F-11D3-BF4B-00C04F79EFBC}") = "Archcraft.Observability", "src\Archcraft.Observability\Archcraft.Observability.csproj", "{A35620BF-BDDA-492A-B787-9200F447B2AE}"
EndProject
Project("{FAE04EC0-301F-11D3-BF4B-00C04F79EFBC}") = "Archcraft.App", "src\Archcraft.App\Archcraft.App.csproj", "{B129B8C3-AB2F-44FA-9894-2FE3EE80A61C}"
EndProject
Project("{FAE04EC0-301F-11D3-BF4B-00C04F79EFBC}") = "Archcraft.Cli", "src\Archcraft.Cli\Archcraft.Cli.csproj", "{E5379320-B09A-4D21-96B2-F570FA52547F}"
EndProject
Project("{2150E333-8FDC-42A3-9474-1A3956D46DE8}") = "tests", "tests", "{0AB3BF05-4346-4AA6-1389-037BE0695223}"
EndProject
Project("{FAE04EC0-301F-11D3-BF4B-00C04F79EFBC}") = "Archcraft.UnitTests", "tests\Archcraft.UnitTests\Archcraft.UnitTests.csproj", "{752C8DD8-F540-49D9-9F15-D2B0D742E380}"
EndProject
Project("{2150E333-8FDC-42A3-9474-1A3956D46DE8}") = "services", "services", "{5854FF58-B8C5-05C6-5BF2-ACE42193F22B}"
EndProject
Project("{FAE04EC0-301F-11D3-BF4B-00C04F79EFBC}") = "SynteticApi", "services\synthetic\SynteticApi.csproj", "{C4FF21CF-DA81-46D8-BCE0-3791CD6A7993}"
EndProject
Project("{2150E333-8FDC-42A3-9474-1A3956D46DE8}") = "adapters", "adapters", "{E663F5D1-B503-551F-3C82-302565ACD380}"
EndProject
Project("{FAE04EC0-301F-11D3-BF4B-00C04F79EFBC}") = "Adapters.Contracts", "services\adapters\Adapters.Contracts\Adapters.Contracts.csproj", "{E4258DDD-8C50-4142-9403-A65A1E8C59D5}"
EndProject
Project("{FAE04EC0-301F-11D3-BF4B-00C04F79EFBC}") = "PgAdapter", "services\adapters\PgAdapter\PgAdapter.csproj", "{FA37D450-53F7-4EA0-B7F6-ECBD43583067}"
EndProject
Project("{FAE04EC0-301F-11D3-BF4B-00C04F79EFBC}") = "RedisAdapter", "services\adapters\RedisAdapter\RedisAdapter.csproj", "{B84B3018-B659-4AAC-869D-13A6A72B8047}"
EndProject
Project("{FAE04EC0-301F-11D3-BF4B-00C04F79EFBC}") = "HttpAdapter", "services\adapters\HttpAdapter\HttpAdapter.csproj", "{8ADD1876-93BE-4900-B39D-ED37367E4D96}"
EndProject
Project("{FAE04EC0-301F-11D3-BF4B-00C04F79EFBC}") = "KafkaAdapter", "services\adapters\KafkaAdapter\KafkaAdapter.csproj", "{5BC49B19-032A-4B92-BED6-C6F3ADB55D77}"
EndProject
Global
	GlobalSection(SolutionConfigurationPlatforms) = preSolution
		Debug|Any CPU = Debug|Any CPU
		Debug|x64 = Debug|x64
		Debug|x86 = Debug|x86
		Release|Any CPU = Release|Any CPU
		Release|x64 = Release|x64
		Release|x86 = Release|x86
	EndGlobalSection
	GlobalSection(ProjectConfigurationPlatforms) = postSolution
		{76BBC292-1641-42C9-B154-E9744245B745}.Debug|Any CPU.ActiveCfg = Debug|Any CPU
		{76BBC292-1641-42C9-B154-E9744245B745}.Debug|Any CPU.Build.0 = Debug|Any CPU
		{76BBC292-1641-42C9-B154-E9744245B745}.Debug|x64.ActiveCfg = Debug|Any CPU
		{76BBC292-1641-42C9-B154-E9744245B745}.Debug|x64.Build.0 = Debug|Any CPU
		{76BBC292-1641-42C9-B154-E9744245B745}.Debug|x86.ActiveCfg = Debug|Any CPU
		{76BBC292-1641-42C9-B154-E9744245B745}.Debug|x86.Build.0 = Debug|Any CPU
		{76BBC292-1641-42C9-B154-E9744245B745}.Release|Any CPU.ActiveCfg = Release|Any CPU
		{76BBC292-1641-42C9-B154-E9744245B745}.Release|Any CPU.Build.0 = Release|Any CPU
		{76BBC292-1641-42C9-B154-E9744245B745}.Release|x64.ActiveCfg = Release|Any CPU
		{76BBC292-1641-42C9-B154-E9744245B745}.Release|x64.Build.0 = Release|Any CPU
		{76BBC292-1641-42C9-B154-E9744245B745}.Release|x86.ActiveCfg = Release|Any CPU
		{76BBC292-1641-42C9-B154-E9744245B745}.Release|x86.Build.0 = Release|Any CPU
		{BAC5ED0D-CFFF-4331-AC05-345CE1ADD1DA}.Debug|Any CPU.ActiveCfg = Debug|Any CPU
		{BAC5ED0D-CFFF-4331-AC05-345CE1ADD1DA}.Debug|Any CPU.Build.0 = Debug|Any CPU
		{BAC5ED0D-CFFF-4331-AC05-345CE1ADD1DA}.Debug|x64.ActiveCfg = Debug|Any CPU
		{BAC5ED0D-CFFF-4331-AC05-345CE1ADD1DA}.Debug|x64.Build.0 = Debug|Any CPU
		{BAC5ED0D-CFFF-4331-AC05-345CE1ADD1DA}.Debug|x86.ActiveCfg = Debug|Any CPU
		{BAC5ED0D-CFFF-4331-AC05-345CE1ADD1DA}.Debug|x86.Build.0 = Debug|Any CPU
		{BAC5ED0D-CFFF-4331-AC05-345CE1ADD1DA}.Release|Any CPU.ActiveCfg = Release|Any CPU
		{BAC5ED0D-CFFF-4331-AC05-345CE1ADD1DA}.Release|Any CPU.Build.0 = Release|Any CPU
		{BAC5ED0D-CFFF-4331-AC05-345CE1ADD1DA}.Release|x64.ActiveCfg = Release|Any CPU
		{BAC5ED0D-CFFF-4331-AC05-345CE1ADD1DA}.Release|x64.Build.0 = Release|Any CPU
		{BAC5ED0D-CFFF-4331-AC05-345CE1ADD1DA}.Release|x86.ActiveCfg = Release|Any CPU
		{BAC5ED0D-CFFF-4331-AC05-345CE1ADD1DA}.Release|x86.Build.0 = Release|Any CPU
		{8FA58188-8A1A-4D8A-9024-1040E613D130}.Debug|Any CPU.ActiveCfg = Debug|Any CPU
		{8FA58188-8A1A-4D8A-9024-1040E613D130}.Debug|Any CPU.Build.0 = Debug|Any CPU
		{8FA58188-8A1A-4D8A-9024-1040E613D130}.Debug|x64.ActiveCfg = Debug|Any CPU
		{8FA58188-8A1A-4D8A-9024-1040E613D130}.Debug|x64.Build.0 = Debug|Any CPU
		{8FA58188-8A1A-4D8A-9024-1040E613D130}.Debug|x86.ActiveCfg = Debug|Any CPU
		{8FA58188-8A1A-4D8A-9024-1040E613D130}.Debug|x86.Build.0 = Debug|Any CPU
		{8FA58188-8A1A-4D8A-9024-1040E613D130}.Release|Any CPU.ActiveCfg = Release|Any CPU
		{8FA58188-8A1A-4D8A-9024-1040E613D130}.Release|Any CPU.Build.0 = Release|Any CPU
		{8FA58188-8A1A-4D8A-9024-1040E613D130}.Release|x64.ActiveCfg = Release|Any CPU
		{8FA58188-8A1A-4D8A-9024-1040E613D130}.Release|x64.Build.0 = Release|Any CPU
		{8FA58188-8A1A-4D8A-9024-1040E613D130}.Release|x86.ActiveCfg = Release|Any CPU
		{8FA58188-8A1A-4D8A-9024-1040E613D130}.Release|x86.Build.0 = Release|Any CPU
		{AFDC4247-5D7C-44EE-B3EE-B6E341BCF51A}.Debug|Any CPU.ActiveCfg = Debug|Any CPU
		{AFDC4247-5D7C-44EE-B3EE-B6E341BCF51A}.Debug|Any CPU.Build.0 = Debug|Any CPU
		{AFDC4247-5D7C-44EE-B3EE-B6E341BCF51A}.Debug|x64.ActiveCfg = Debug|Any CPU
		{AFDC4247-5D7C-44EE-B3EE-B6E341BCF51A}.Debug|x64.Build.0 = Debug|Any CPU
		{AFDC4247-5D7C-44EE-B3EE-B6E341BCF51A}.Debug|x86.ActiveCfg = Debug|Any CPU
		{AFDC4247-5D7C-44EE-B3EE-B6E341BCF51A}.Debug|x86.Build.0 = Debug|Any CPU
		{AFDC4247-5D7C-44EE-B3EE-B6E341BCF51A}.Release|Any CPU.ActiveCfg = Release|Any CPU
		{AFDC4247-5D7C-44EE-B3EE-B6E341BCF51A}.Release|Any CPU.Build.0 = Release|Any CPU
		{AFDC4247-5D7C-44EE-B3EE-B6E341BCF51A}.Release|x64.ActiveCfg = Release|Any CPU
		{AFDC4247-5D7C-44EE-B3EE-B6E341BCF51A}.Release|x64.Build.0 = Release|Any CPU
		{AFDC4247-5D7C-44EE-B3EE-B6E341BCF51A}.Release|x86.ActiveCfg = Release|Any CPU
		{AFDC4247-5D7C-44EE-B3EE-B6E341BCF51A}.Release|x86.Build.0 = Release|Any CPU
		{C2CB8D2C-818D-4878-A54F-D6C1BD2CA8C3}.Debug|Any CPU.ActiveCfg = Debug|Any CPU
		{C2CB8D2C-818D-4878-A54F-D6C1BD2CA8C3}.Debug|Any CPU.Build.0 = Debug|Any CPU
		{C2CB8D2C-818D-4878-A54F-D6C1BD2CA8C3}.Debug|x64.ActiveCfg = Debug|Any CPU
		{C2CB8D2C-818D-4878-A54F-D6C1BD2CA8C3}.Debug|x64.Build.0 = Debug|Any CPU
		{C2CB8D2C-818D-4878-A54F-D6C1BD2CA8C3}.Debug|x86.ActiveCfg = Debug|Any CPU
		{C2CB8D2C-818D-4878-A54F-D6C1BD2CA8C3}.Debug|x86.Build.0 = Debug|Any CPU
		{C2CB8D2C-818D-4878-A54F-D6C1BD2CA8C3}.Release|Any CPU.ActiveCfg = Release|Any CPU
		{C2CB8D2C-818D-4878-A54F-D6C1BD2CA8C3}.Release|Any CPU.Build.0 = Release|Any CPU
		{C2CB8D2C-818D-4878-A54F-D6C1BD2CA8C3}.Release|x64.ActiveCfg = Release|Any CPU
		{C2CB8D2C-818D-4878-A54F-D6C1BD2CA8C3}.Release|x64.Build.0 = Release|Any CPU
		{C2CB8D2C-818D-4878-A54F-D6C1BD2CA8C3}.Release|x86.ActiveCfg = Release|Any CPU
		{C2CB8D2C-818D-4878-A54F-D6C1BD2CA8C3}.Release|x86.Build.0 = Release|Any CPU
		{F9CD20F3-D592-4564-9743-B70EDE45963F}.Debug|Any CPU.ActiveCfg = Debug|Any CPU
		{F9CD20F3-D592-4564-9743-B70EDE45963F}.Debug|Any CPU.Build.0 = Debug|Any CPU
		{F9CD20F3-D592-4564-9743-B70EDE45963F}.Debug|x64.ActiveCfg = Debug|Any CPU
		{F9CD20F3-D592-4564-9743-B70EDE45963F}.Debug|x64.Build.0 = Debug|Any CPU
		{F9CD20F3-D592-4564-9743-B70EDE45963F}.Debug|x86.ActiveCfg = Debug|Any CPU
		{F9CD20F3-D592-4564-9743-B70EDE45963F}.Debug|x86.Build.0 = Debug|Any CPU
		{F9CD20F3-D592-4564-9743-B70EDE45963F}.Release|Any CPU.ActiveCfg = Release|Any CPU
		{F9CD20F3-D592-4564-9743-B70EDE45963F}.Release|Any CPU.Build.0 = Release|Any CPU
		{F9CD20F3-D592-4564-9743-B70EDE45963F}.Release|x64.ActiveCfg = Release|Any CPU
		{F9CD20F3-D592-4564-9743-B70EDE45963F}.Release|x64.Build.0 = Release|Any CPU
		{F9CD20F3-D592-4564-9743-B70EDE45963F}.Release|x86.ActiveCfg = Release|Any CPU
		{F9CD20F3-D592-4564-9743-B70EDE45963F}.Release|x86.Build.0 = Release|Any CPU
		{82B0BA7B-CEC1-4ED2-BB5A-184D0311EBCF}.Debug|Any CPU.ActiveCfg = Debug|Any CPU
		{82B0BA7B-CEC1-4ED2-BB5A-184D0311EBCF}.Debug|Any CPU.Build.0 = Debug|Any CPU
		{82B0BA7B-CEC1-4ED2-BB5A-184D0311EBCF}.Debug|x64.ActiveCfg = Debug|Any CPU
		{82B0BA7B-CEC1-4ED2-BB5A-184D0311EBCF}.Debug|x64.Build.0 = Debug|Any CPU
		{82B0BA7B-CEC1-4ED2-BB5A-184D0311EBCF}.Debug|x86.ActiveCfg = Debug|Any CPU
		{82B0BA7B-CEC1-4ED2-BB5A-184D0311EBCF}.Debug|x86.Build.0 = Debug|Any CPU
		{82B0BA7B-CEC1-4ED2-BB5A-184D0311EBCF}.Release|Any CPU.ActiveCfg = Release|Any CPU
		{82B0BA7B-CEC1-4ED2-BB5A-184D0311EBCF}.Release|Any CPU.Build.0 = Release|Any CPU
		{82B0BA7B-CEC1-4ED2-BB5A-184D0311EBCF}.Release|x64.ActiveCfg = Release|Any CPU
		{82B0BA7B-CEC1-4ED2-BB5A-184D0311EBCF}.Release|x64.Build.0 = Release|Any CPU
		{82B0BA7B-CEC1-4ED2-BB5A-184D0311EBCF}.Release|x86.ActiveCfg = Release|Any CPU
		{82B0BA7B-CEC1-4ED2-BB5A-184D0311EBCF}.Release|x86.Build.0 = Release|Any CPU
		{58809A73-4550-4713-8B50-6585A45A5734}.Debug|Any CPU.ActiveCfg = Debug|Any CPU
		{58809A73-4550-4713-8B50-6585A45A5734}.Debug|Any CPU.Build.0 = Debug|Any CPU
		{58809A73-4550-4713-8B50-6585A45A5734}.Debug|x64.ActiveCfg = Debug|Any CPU
		{58809A73-4550-4713-8B50-6585A45A5734}.Debug|x64.Build.0 = Debug|Any CPU
		{58809A73-4550-4713-8B50-6585A45A5734}.Debug|x86.ActiveCfg = Debug|Any CPU
		{58809A73-4550-4713-8B50-6585A45A5734}.Debug|x86.Build.0 = Debug|Any CPU
		{58809A73-4550-4713-8B50-6585A45A5734}.Release|Any CPU.ActiveCfg = Release|Any CPU
		{58809A73-4550-4713-8B50-6585A45A5734}.Release|Any CPU.Build.0 = Release|Any CPU
		{58809A73-4550-4713-8B50-6585A45A5734}.Release|x64.ActiveCfg = Release|Any CPU
		{58809A73-4550-4713-8B50-6585A45A5734}.Release|x64.Build.0 = Release|Any CPU
		{58809A73-4550-4713-8B50-6585A45A5734}.Release|x86.ActiveCfg = Release|Any CPU
		{58809A73-4550-4713-8B50-6585A45A5734}.Release|x86.Build.0 = Release|Any CPU
		{A35620BF-BDDA-492A-B787-9200F447B2AE}.Debug|Any CPU.ActiveCfg = Debug|Any CPU
		{A35620BF-BDDA-492A-B787-9200F447B2AE}.Debug|Any CPU.Build.0 = Debug|Any CPU
		{A35620BF-BDDA-492A-B787-9200F447B2AE}.Debug|x64.ActiveCfg = Debug|Any CPU
		{A35620BF-BDDA-492A-B787-9200F447B2AE}.Debug|x64.Build.0 = Debug|Any CPU
		{A35620BF-BDDA-492A-B787-9200F447B2AE}.Debug|x86.ActiveCfg = Debug|Any CPU
		{A35620BF-BDDA-492A-B787-9200F447B2AE}.Debug|x86.Build.0 = Debug|Any CPU
		{A35620BF-BDDA-492A-B787-9200F447B2AE}.Release|Any CPU.ActiveCfg = Release|Any CPU
		{A35620BF-BDDA-492A-B787-9200F447B2AE}.Release|Any CPU.Build.0 = Release|Any CPU
		{A35620BF-BDDA-492A-B787-9200F447B2AE}.Release|x64.ActiveCfg = Release|Any CPU
		{A35620BF-BDDA-492A-B787-9200F447B2AE}.Release|x64.Build.0 = Release|Any CPU
		{A35620BF-BDDA-492A-B787-9200F447B2AE}.Release|x86.ActiveCfg = Release|Any CPU
		{A35620BF-BDDA-492A-B787-9200F447B2AE}.Release|x86.Build.0 = Release|Any CPU
		{B129B8C3-AB2F-44FA-9894-2FE3EE80A61C}.Debug|Any CPU.ActiveCfg = Debug|Any CPU
		{B129B8C3-AB2F-44FA-9894-2FE3EE80A61C}.Debug|Any CPU.Build.0 = Debug|Any CPU
		{B129B8C3-AB2F-44FA-9894-2FE3EE80A61C}.Debug|x64.ActiveCfg = Debug|Any CPU
		{B129B8C3-AB2F-44FA-9894-2FE3EE80A61C}.Debug|x64.Build.0 = Debug|Any CPU
		{B129B8C3-AB2F-44FA-9894-2FE3EE80A61C}.Debug|x86.ActiveCfg = Debug|Any CPU
		{B129B8C3-AB2F-44FA-9894-2FE3EE80A61C}.Debug|x86.Build.0 = Debug|Any CPU
		{B129B8C3-AB2F-44FA-9894-2FE3EE80A61C}.Release|Any CPU.ActiveCfg = Release|Any CPU
		{B129B8C3-AB2F-44FA-9894-2FE3EE80A61C}.Release|Any CPU.Build.0 = Release|Any CPU
		{B129B8C3-AB2F-44FA-9894-2FE3EE80A61C}.Release|x64.ActiveCfg = Release|Any CPU
		{B129B8C3-AB2F-44FA-9894-2FE3EE80A61C}.Release|x64.Build.0 = Release|Any CPU
		{B129B8C3-AB2F-44FA-9894-2FE3EE80A61C}.Release|x86.ActiveCfg = Release|Any CPU
		{B129B8C3-AB2F-44FA-9894-2FE3EE80A61C}.Release|x86.Build.0 = Release|Any CPU
		{E5379320-B09A-4D21-96B2-F570FA52547F}.Debug|Any CPU.ActiveCfg = Debug|Any CPU
		{E5379320-B09A-4D21-96B2-F570FA52547F}.Debug|Any CPU.Build.0 = Debug|Any CPU
		{E5379320-B09A-4D21-96B2-F570FA52547F}.Debug|x64.ActiveCfg = Debug|Any CPU
		{E5379320-B09A-4D21-96B2-F570FA52547F}.Debug|x64.Build.0 = Debug|Any CPU
		{E5379320-B09A-4D21-96B2-F570FA52547F}.Debug|x86.ActiveCfg = Debug|Any CPU
		{E5379320-B09A-4D21-96B2-F570FA52547F}.Debug|x86.Build.0 = Debug|Any CPU
		{E5379320-B09A-4D21-96B2-F570FA52547F}.Release|Any CPU.ActiveCfg = Release|Any CPU
		{E5379320-B09A-4D21-96B2-F570FA52547F}.Release|Any CPU.Build.0 = Release|Any CPU
		{E5379320-B09A-4D21-96B2-F570FA52547F}.Release|x64.ActiveCfg = Release|Any CPU
		{E5379320-B09A-4D21-96B2-F570FA52547F}.Release|x64.Build.0 = Release|Any CPU
		{E5379320-B09A-4D21-96B2-F570FA52547F}.Release|x86.ActiveCfg = Release|Any CPU
		{E5379320-B09A-4D21-96B2-F570FA52547F}.Release|x86.Build.0 = Release|Any CPU
		{752C8DD8-F540-49D9-9F15-D2B0D742E380}.Debug|Any CPU.ActiveCfg = Debug|Any CPU
		{752C8DD8-F540-49D9-9F15-D2B0D742E380}.Debug|Any CPU.Build.0 = Debug|Any CPU
		{752C8DD8-F540-49D9-9F15-D2B0D742E380}.Debug|x64.ActiveCfg = Debug|Any CPU
		{752C8DD8-F540-49D9-9F15-D2B0D742E380}.Debug|x64.Build.0 = Debug|Any CPU
		{752C8DD8-F540-49D9-9F15-D2B0D742E380}.Debug|x86.ActiveCfg = Debug|Any CPU
		{752C8DD8-F540-49D9-9F15-D2B0D742E380}.Debug|x86.Build.0 = Debug|Any CPU
		{752C8DD8-F540-49D9-9F15-D2B0D742E380}.Release|Any CPU.ActiveCfg = Release|Any CPU
		{752C8DD8-F540-49D9-9F15-D2B0D742E380}.Release|Any CPU.Build.0 = Release|Any CPU
		{752C8DD8-F540-49D9-9F15-D2B0D742E380}.Release|x64.ActiveCfg = Release|Any CPU
		{752C8DD8-F540-49D9-9F15-D2B0D742E380}.Release|x64.Build.0 = Release|Any CPU
		{752C8DD8-F540-49D9-9F15-D2B0D742E380}.Release|x86.ActiveCfg = Release|Any CPU
		{752C8DD8-F540-49D9-9F15-D2B0D742E380}.Release|x86.Build.0 = Release|Any CPU
		{C4FF21CF-DA81-46D8-BCE0-3791CD6A7993}.Debug|Any CPU.ActiveCfg = Debug|Any CPU
		{C4FF21CF-DA81-46D8-BCE0-3791CD6A7993}.Debug|Any CPU.Build.0 = Debug|Any CPU
		{C4FF21CF-DA81-46D8-BCE0-3791CD6A7993}.Debug|x64.ActiveCfg = Debug|Any CPU
		{C4FF21CF-DA81-46D8-BCE0-3791CD6A7993}.Debug|x64.Build.0 = Debug|Any CPU
		{C4FF21CF-DA81-46D8-BCE0-3791CD6A7993}.Debug|x86.ActiveCfg = Debug|Any CPU
		{C4FF21CF-DA81-46D8-BCE0-3791CD6A7993}.Debug|x86.Build.0 = Debug|Any CPU
		{C4FF21CF-DA81-46D8-BCE0-3791CD6A7993}.Release|Any CPU.ActiveCfg = Release|Any CPU
		{C4FF21CF-DA81-46D8-BCE0-3791CD6A7993}.Release|Any CPU.Build.0 = Release|Any CPU
		{C4FF21CF-DA81-46D8-BCE0-3791CD6A7993}.Release|x64.ActiveCfg = Release|Any CPU
		{C4FF21CF-DA81-46D8-BCE0-3791CD6A7993}.Release|x64.Build.0 = Release|Any CPU
		{C4FF21CF-DA81-46D8-BCE0-3791CD6A7993}.Release|x86.ActiveCfg = Release|Any CPU
		{C4FF21CF-DA81-46D8-BCE0-3791CD6A7993}.Release|x86.Build.0 = Release|Any CPU
		{E4258DDD-8C50-4142-9403-A65A1E8C59D5}.Debug|Any CPU.ActiveCfg = Debug|Any CPU
		{E4258DDD-8C50-4142-9403-A65A1E8C59D5}.Debug|Any CPU.Build.0 = Debug|Any CPU
		{E4258DDD-8C50-4142-9403-A65A1E8C59D5}.Debug|x64.ActiveCfg = Debug|Any CPU
		{E4258DDD-8C50-4142-9403-A65A1E8C59D5}.Debug|x64.Build.0 = Debug|Any CPU
		{E4258DDD-8C50-4142-9403-A65A1E8C59D5}.Debug|x86.ActiveCfg = Debug|Any CPU
		{E4258DDD-8C50-4142-9403-A65A1E8C59D5}.Debug|x86.Build.0 = Debug|Any CPU
		{E4258DDD-8C50-4142-9403-A65A1E8C59D5}.Release|Any CPU.ActiveCfg = Release|Any CPU
		{E4258DDD-8C50-4142-9403-A65A1E8C59D5}.Release|Any CPU.Build.0 = Release|Any CPU
		{E4258DDD-8C50-4142-9403-A65A1E8C59D5}.Release|x64.ActiveCfg = Release|Any CPU
		{E4258DDD-8C50-4142-9403-A65A1E8C59D5}.Release|x64.Build.0 = Release|Any CPU
		{E4258DDD-8C50-4142-9403-A65A1E8C59D5}.Release|x86.ActiveCfg = Release|Any CPU
		{E4258DDD-8C50-4142-9403-A65A1E8C59D5}.Release|x86.Build.0 = Release|Any CPU
		{FA37D450-53F7-4EA0-B7F6-ECBD43583067}.Debug|Any CPU.ActiveCfg = Debug|Any CPU
		{FA37D450-53F7-4EA0-B7F6-ECBD43583067}.Debug|Any CPU.Build.0 = Debug|Any CPU
		{FA37D450-53F7-4EA0-B7F6-ECBD43583067}.Debug|x64.ActiveCfg = Debug|Any CPU
		{FA37D450-53F7-4EA0-B7F6-ECBD43583067}.Debug|x64.Build.0 = Debug|Any CPU
		{FA37D450-53F7-4EA0-B7F6-ECBD43583067}.Debug|x86.ActiveCfg = Debug|Any CPU
		{FA37D450-53F7-4EA0-B7F6-ECBD43583067}.Debug|x86.Build.0 = Debug|Any CPU
		{FA37D450-53F7-4EA0-B7F6-ECBD43583067}.Release|Any CPU.ActiveCfg = Release|Any CPU
		{FA37D450-53F7-4EA0-B7F6-ECBD43583067}.Release|Any CPU.Build.0 = Release|Any CPU
		{FA37D450-53F7-4EA0-B7F6-ECBD43583067}.Release|x64.ActiveCfg = Release|Any CPU
		{FA37D450-53F7-4EA0-B7F6-ECBD43583067}.Release|x64.Build.0 = Release|Any CPU
		{FA37D450-53F7-4EA0-B7F6-ECBD43583067}.Release|x86.ActiveCfg = Release|Any CPU
		{FA37D450-53F7-4EA0-B7F6-ECBD43583067}.Release|x86.Build.0 = Release|Any CPU
		{B84B3018-B659-4AAC-869D-13A6A72B8047}.Debug|Any CPU.ActiveCfg = Debug|Any CPU
		{B84B3018-B659-4AAC-869D-13A6A72B8047}.Debug|Any CPU.Build.0 = Debug|Any CPU
		{B84B3018-B659-4AAC-869D-13A6A72B8047}.Debug|x64.ActiveCfg = Debug|Any CPU
		{B84B3018-B659-4AAC-869D-13A6A72B8047}.Debug|x64.Build.0 = Debug|Any CPU
		{B84B3018-B659-4AAC-869D-13A6A72B8047}.Debug|x86.ActiveCfg = Debug|Any CPU
		{B84B3018-B659-4AAC-869D-13A6A72B8047}.Debug|x86.Build.0 = Debug|Any CPU
		{B84B3018-B659-4AAC-869D-13A6A72B8047}.Release|Any CPU.ActiveCfg = Release|Any CPU
		{B84B3018-B659-4AAC-869D-13A6A72B8047}.Release|Any CPU.Build.0 = Release|Any CPU
		{B84B3018-B659-4AAC-869D-13A6A72B8047}.Release|x64.ActiveCfg = Release|Any CPU
		{B84B3018-B659-4AAC-869D-13A6A72B8047}.Release|x64.Build.0 = Release|Any CPU
		{B84B3018-B659-4AAC-869D-13A6A72B8047}.Release|x86.ActiveCfg = Release|Any CPU
		{B84B3018-B659-4AAC-869D-13A6A72B8047}.Release|x86.Build.0 = Release|Any CPU
		{8ADD1876-93BE-4900-B39D-ED37367E4D96}.Debug|Any CPU.ActiveCfg = Debug|Any CPU
		{8ADD1876-93BE-4900-B39D-ED37367E4D96}.Debug|Any CPU.Build.0 = Debug|Any CPU
		{8ADD1876-93BE-4900-B39D-ED37367E4D96}.Debug|x64.ActiveCfg = Debug|Any CPU
		{8ADD1876-93BE-4900-B39D-ED37367E4D96}.Debug|x64.Build.0 = Debug|Any CPU
		{8ADD1876-93BE-4900-B39D-ED37367E4D96}.Debug|x86.ActiveCfg = Debug|Any CPU
		{8ADD1876-93BE-4900-B39D-ED37367E4D96}.Debug|x86.Build.0 = Debug|Any CPU
		{8ADD1876-93BE-4900-B39D-ED37367E4D96}.Release|Any CPU.ActiveCfg = Release|Any CPU
		{8ADD1876-93BE-4900-B39D-ED37367E4D96}.Release|Any CPU.Build.0 = Release|Any CPU
		{8ADD1876-93BE-4900-B39D-ED37367E4D96}.Release|x64.ActiveCfg = Release|Any CPU
		{8ADD1876-93BE-4900-B39D-ED37367E4D96}.Release|x64.Build.0 = Release|Any CPU
		{8ADD1876-93BE-4900-B39D-ED37367E4D96}.Release|x86.ActiveCfg = Release|Any CPU
		{8ADD1876-93BE-4900-B39D-ED37367E4D96}.Release|x86.Build.0 = Release|Any CPU
		{5BC49B19-032A-4B92-BED6-C6F3ADB55D77}.Debug|Any CPU.ActiveCfg = Debug|Any CPU
		{5BC49B19-032A-4B92-BED6-C6F3ADB55D77}.Debug|Any CPU.Build.0 = Debug|Any CPU
		{5BC49B19-032A-4B92-BED6-C6F3ADB55D77}.Debug|x64.ActiveCfg = Debug|Any CPU
		{5BC49B19-032A-4B92-BED6-C6F3ADB55D77}.Debug|x64.Build.0 = Debug|Any CPU
		{5BC49B19-032A-4B92-BED6-C6F3ADB55D77}.Debug|x86.ActiveCfg = Debug|Any CPU
		{5BC49B19-032A-4B92-BED6-C6F3ADB55D77}.Debug|x86.Build.0 = Debug|Any CPU
		{5BC49B19-032A-4B92-BED6-C6F3ADB55D77}.Release|Any CPU.ActiveCfg = Release|Any CPU
		{5BC49B19-032A-4B92-BED6-C6F3ADB55D77}.Release|Any CPU.Build.0 = Release|Any CPU
		{5BC49B19-032A-4B92-BED6-C6F3ADB55D77}.Release|x64.ActiveCfg = Release|Any CPU
		{5BC49B19-032A-4B92-BED6-C6F3ADB55D77}.Release|x64.Build.0 = Release|Any CPU
		{5BC49B19-032A-4B92-BED6-C6F3ADB55D77}.Release|x86.ActiveCfg = Release|Any CPU
		{5BC49B19-032A-4B92-BED6-C6F3ADB55D77}.Release|x86.Build.0 = Release|Any CPU
	EndGlobalSection
	GlobalSection(SolutionProperties) = preSolution
		HideSolutionNode = FALSE
	EndGlobalSection
	GlobalSection(NestedProjects) = preSolution
		{76BBC292-1641-42C9-B154-E9744245B745} = {827E0CD3-B72D-47B6-A68D-7590B98EB39B}
		{BAC5ED0D-CFFF-4331-AC05-345CE1ADD1DA} = {827E0CD3-B72D-47B6-A68D-7590B98EB39B}
		{8FA58188-8A1A-4D8A-9024-1040E613D130} = {827E0CD3-B72D-47B6-A68D-7590B98EB39B}
		{AFDC4247-5D7C-44EE-B3EE-B6E341BCF51A} = {827E0CD3-B72D-47B6-A68D-7590B98EB39B}
		{C2CB8D2C-818D-4878-A54F-D6C1BD2CA8C3} = {827E0CD3-B72D-47B6-A68D-7590B98EB39B}
		{F9CD20F3-D592-4564-9743-B70EDE45963F} = {827E0CD3-B72D-47B6-A68D-7590B98EB39B}
		{82B0BA7B-CEC1-4ED2-BB5A-184D0311EBCF} = {827E0CD3-B72D-47B6-A68D-7590B98EB39B}
		{58809A73-4550-4713-8B50-6585A45A5734} = {827E0CD3-B72D-47B6-A68D-7590B98EB39B}
		{A35620BF-BDDA-492A-B787-9200F447B2AE} = {827E0CD3-B72D-47B6-A68D-7590B98EB39B}
		{B129B8C3-AB2F-44FA-9894-2FE3EE80A61C} = {827E0CD3-B72D-47B6-A68D-7590B98EB39B}
		{E5379320-B09A-4D21-96B2-F570FA52547F} = {827E0CD3-B72D-47B6-A68D-7590B98EB39B}
		{752C8DD8-F540-49D9-9F15-D2B0D742E380} = {0AB3BF05-4346-4AA6-1389-037BE0695223}
		{C4FF21CF-DA81-46D8-BCE0-3791CD6A7993} = {5854FF58-B8C5-05C6-5BF2-ACE42193F22B}
		{E663F5D1-B503-551F-3C82-302565ACD380} = {5854FF58-B8C5-05C6-5BF2-ACE42193F22B}
		{E4258DDD-8C50-4142-9403-A65A1E8C59D5} = {E663F5D1-B503-551F-3C82-302565ACD380}
		{FA37D450-53F7-4EA0-B7F6-ECBD43583067} = {E663F5D1-B503-551F-3C82-302565ACD380}
		{B84B3018-B659-4AAC-869D-13A6A72B8047} = {E663F5D1-B503-551F-3C82-302565ACD380}
		{8ADD1876-93BE-4900-B39D-ED37367E4D96} = {E663F5D1-B503-551F-3C82-302565ACD380}
		{5BC49B19-032A-4B92-BED6-C6F3ADB55D77} = {E663F5D1-B503-551F-3C82-302565ACD380}
	EndGlobalSection
EndGlobal
